// !$*UTF8*$!
{
	archiveVersion = 1;
	classes = {
	};
	objectVersion = 46;
	objects = {

/* Begin PBXBuildFile section */
		076C3ABB1F3B17F400F7D808 /* AppDelegate.swift in Sources */ = {isa = PBXBuildFile; fileRef = 076C3ABA1F3B17F400F7D808 /* AppDelegate.swift */; };
		076C3ABD1F3B17F400F7D808 /* ViewController.swift in Sources */ = {isa = PBXBuildFile; fileRef = 076C3ABC1F3B17F400F7D808 /* ViewController.swift */; };
		076C3AC01F3B17F400F7D808 /* Main.storyboard in Resources */ = {isa = PBXBuildFile; fileRef = 076C3ABE1F3B17F400F7D808 /* Main.storyboard */; };
		076C3AC21F3B17F400F7D808 /* Assets.xcassets in Resources */ = {isa = PBXBuildFile; fileRef = 076C3AC11F3B17F400F7D808 /* Assets.xcassets */; };
		076C3AC51F3B17F400F7D808 /* LaunchScreen.storyboard in Resources */ = {isa = PBXBuildFile; fileRef = 076C3AC31F3B17F400F7D808 /* LaunchScreen.storyboard */; };
		076C3AD01F3B17F400F7D808 /* TutorialViewTests.swift in Sources */ = {isa = PBXBuildFile; fileRef = 076C3ACF1F3B17F400F7D808 /* TutorialViewTests.swift */; };
		076C3ADB1F3B17F400F7D808 /* TutorialViewUITests.swift in Sources */ = {isa = PBXBuildFile; fileRef = 076C3ADA1F3B17F400F7D808 /* TutorialViewUITests.swift */; };
		076C3AEE1F3B188A00F7D808 /* TutorialModel.swift in Sources */ = {isa = PBXBuildFile; fileRef = 076C3AE91F3B188A00F7D808 /* TutorialModel.swift */; };
		076C3AEF1F3B188A00F7D808 /* TutorialRectView.swift in Sources */ = {isa = PBXBuildFile; fileRef = 076C3AEA1F3B188A00F7D808 /* TutorialRectView.swift */; };
		076C3AF01F3B188A00F7D808 /* TutorialView.swift in Sources */ = {isa = PBXBuildFile; fileRef = 076C3AEB1F3B188A00F7D808 /* TutorialView.swift */; };
		076C3AF11F3B188A00F7D808 /* LineDirection.bundle in Resources */ = {isa = PBXBuildFile; fileRef = 076C3AED1F3B188A00F7D808 /* LineDirection.bundle */; };
		076C3AF41F3B189300F7D808 /* ShowRectViewController.swift in Sources */ = {isa = PBXBuildFile; fileRef = 076C3AF21F3B189300F7D808 /* ShowRectViewController.swift */; };
		076C3AF51F3B189300F7D808 /* ShowViewController.swift in Sources */ = {isa = PBXBuildFile; fileRef = 076C3AF31F3B189300F7D808 /* ShowViewController.swift */; };
		076C3AFA1F3B1A2000F7D808 /* SnapKit.framework in Embed Frameworks */ = {isa = PBXBuildFile; fileRef = 076C3AF71F3B1A1200F7D808 /* SnapKit.framework */; settings = {ATTRIBUTES = (CodeSignOnCopy, RemoveHeadersOnCopy, ); }; };
/* End PBXBuildFile section */

/* Begin PBXContainerItemProxy section */
		076C3ACC1F3B17F400F7D808 /* PBXContainerItemProxy */ = {
			isa = PBXContainerItemProxy;
			containerPortal = 076C3AAF1F3B17F400F7D808 /* Project object */;
			proxyType = 1;
			remoteGlobalIDString = 076C3AB61F3B17F400F7D808;
			remoteInfo = TutorialView;
		};
		076C3AD71F3B17F400F7D808 /* PBXContainerItemProxy */ = {
			isa = PBXContainerItemProxy;
			containerPortal = 076C3AAF1F3B17F400F7D808 /* Project object */;
			proxyType = 1;
			remoteGlobalIDString = 076C3AB61F3B17F400F7D808;
			remoteInfo = TutorialView;
		};
/* End PBXContainerItemProxy section */

/* Begin PBXCopyFilesBuildPhase section */
		076C3AFB1F3B1A2100F7D808 /* Embed Frameworks */ = {
			isa = PBXCopyFilesBuildPhase;
			buildActionMask = 2147483647;
			dstPath = "";
			dstSubfolderSpec = 10;
			files = (
				076C3AFA1F3B1A2000F7D808 /* SnapKit.framework in Embed Frameworks */,
			);
			name = "Embed Frameworks";
			runOnlyForDeploymentPostprocessing = 0;
		};
/* End PBXCopyFilesBuildPhase section */

/* Begin PBXFileReference section */
		076C3AB71F3B17F400F7D808 /* TutorialView.app */ = {isa = PBXFileReference; explicitFileType = wrapper.application; includeInIndex = 0; path = TutorialView.app; sourceTree = BUILT_PRODUCTS_DIR; };
		076C3ABA1F3B17F400F7D808 /* AppDelegate.swift */ = {isa = PBXFileReference; lastKnownFileType = sourcecode.swift; path = AppDelegate.swift; sourceTree = "<group>"; };
		076C3ABC1F3B17F400F7D808 /* ViewController.swift */ = {isa = PBXFileReference; lastKnownFileType = sourcecode.swift; path = ViewController.swift; sourceTree = "<group>"; };
		076C3ABF1F3B17F400F7D808 /* Base */ = {isa = PBXFileReference; lastKnownFileType = file.storyboard; name = Base; path = Base.lproj/Main.storyboard; sourceTree = "<group>"; };
		076C3AC11F3B17F400F7D808 /* Assets.xcassets */ = {isa = PBXFileReference; lastKnownFileType = folder.assetcatalog; path = Assets.xcassets; sourceTree = "<group>"; };
		076C3AC41F3B17F400F7D808 /* Base */ = {isa = PBXFileReference; lastKnownFileType = file.storyboard; name = Base; path = Base.lproj/LaunchScreen.storyboard; sourceTree = "<group>"; };
		076C3AC61F3B17F400F7D808 /* Info.plist */ = {isa = PBXFileReference; lastKnownFileType = text.plist.xml; path = Info.plist; sourceTree = "<group>"; };
		076C3ACB1F3B17F400F7D808 /* TutorialViewTests.xctest */ = {isa = PBXFileReference; explicitFileType = wrapper.cfbundle; includeInIndex = 0; path = TutorialViewTests.xctest; sourceTree = BUILT_PRODUCTS_DIR; };
		076C3ACF1F3B17F400F7D808 /* TutorialViewTests.swift */ = {isa = PBXFileReference; lastKnownFileType = sourcecode.swift; path = TutorialViewTests.swift; sourceTree = "<group>"; };
		076C3AD11F3B17F400F7D808 /* Info.plist */ = {isa = PBXFileReference; lastKnownFileType = text.plist.xml; path = Info.plist; sourceTree = "<group>"; };
		076C3AD61F3B17F400F7D808 /* TutorialViewUITests.xctest */ = {isa = PBXFileReference; explicitFileType = wrapper.cfbundle; includeInIndex = 0; path = TutorialViewUITests.xctest; sourceTree = BUILT_PRODUCTS_DIR; };
		076C3ADA1F3B17F400F7D808 /* TutorialViewUITests.swift */ = {isa = PBXFileReference; lastKnownFileType = sourcecode.swift; path = TutorialViewUITests.swift; sourceTree = "<group>"; };
		076C3ADC1F3B17F400F7D808 /* Info.plist */ = {isa = PBXFileReference; lastKnownFileType = text.plist.xml; path = Info.plist; sourceTree = "<group>"; };
		076C3AE91F3B188A00F7D808 /* TutorialModel.swift */ = {isa = PBXFileReference; fileEncoding = 4; lastKnownFileType = sourcecode.swift; path = TutorialModel.swift; sourceTree = "<group>"; };
		076C3AEA1F3B188A00F7D808 /* TutorialRectView.swift */ = {isa = PBXFileReference; fileEncoding = 4; lastKnownFileType = sourcecode.swift; path = TutorialRectView.swift; sourceTree = "<group>"; };
		076C3AEB1F3B188A00F7D808 /* TutorialView.swift */ = {isa = PBXFileReference; fileEncoding = 4; lastKnownFileType = sourcecode.swift; path = TutorialView.swift; sourceTree = "<group>"; };
		076C3AED1F3B188A00F7D808 /* LineDirection.bundle */ = {isa = PBXFileReference; lastKnownFileType = "wrapper.plug-in"; path = LineDirection.bundle; sourceTree = "<group>"; };
		076C3AF21F3B189300F7D808 /* ShowRectViewController.swift */ = {isa = PBXFileReference; fileEncoding = 4; lastKnownFileType = sourcecode.swift; path = ShowRectViewController.swift; sourceTree = "<group>"; };
		076C3AF31F3B189300F7D808 /* ShowViewController.swift */ = {isa = PBXFileReference; fileEncoding = 4; lastKnownFileType = sourcecode.swift; path = ShowViewController.swift; sourceTree = "<group>"; };
		076C3AF71F3B1A1200F7D808 /* SnapKit.framework */ = {isa = PBXFileReference; lastKnownFileType = wrapper.framework; name = SnapKit.framework; path = Carthage/Build/iOS/SnapKit.framework; sourceTree = "<group>"; };
/* End PBXFileReference section */

/* Begin PBXFrameworksBuildPhase section */
		076C3AB41F3B17F400F7D808 /* Frameworks */ = {
			isa = PBXFrameworksBuildPhase;
			buildActionMask = 2147483647;
			files = (
			);
			runOnlyForDeploymentPostprocessing = 0;
		};
		076C3AC81F3B17F400F7D808 /* Frameworks */ = {
			isa = PBXFrameworksBuildPhase;
			buildActionMask = 2147483647;
			files = (
			);
			runOnlyForDeploymentPostprocessing = 0;
		};
		076C3AD31F3B17F400F7D808 /* Frameworks */ = {
			isa = PBXFrameworksBuildPhase;
			buildActionMask = 2147483647;
			files = (
			);
			runOnlyForDeploymentPostprocessing = 0;
		};
/* End PBXFrameworksBuildPhase section */

/* Begin PBXGroup section */
		076C3AAE1F3B17F400F7D808 = {
			isa = PBXGroup;
			children = (
				076C3AB91F3B17F400F7D808 /* TutorialView */,
				076C3ACE1F3B17F400F7D808 /* TutorialViewTests */,
				076C3AD91F3B17F400F7D808 /* TutorialViewUITests */,
				076C3AB81F3B17F400F7D808 /* Products */,
				076C3AF61F3B1A1200F7D808 /* Frameworks */,
			);
			sourceTree = "<group>";
		};
		076C3AB81F3B17F400F7D808 /* Products */ = {
			isa = PBXGroup;
			children = (
				076C3AB71F3B17F400F7D808 /* TutorialView.app */,
				076C3ACB1F3B17F400F7D808 /* TutorialViewTests.xctest */,
				076C3AD61F3B17F400F7D808 /* TutorialViewUITests.xctest */,
			);
			name = Products;
			sourceTree = "<group>";
		};
		076C3AB91F3B17F400F7D808 /* TutorialView */ = {
			isa = PBXGroup;
			children = (
				076C3AE81F3B188A00F7D808 /* Class */,
				076C3AEC1F3B188A00F7D808 /* Resources */,
				076C3ABA1F3B17F400F7D808 /* AppDelegate.swift */,
				076C3ABC1F3B17F400F7D808 /* ViewController.swift */,
				076C3ABE1F3B17F400F7D808 /* Main.storyboard */,
				076C3AF21F3B189300F7D808 /* ShowRectViewController.swift */,
				076C3AF31F3B189300F7D808 /* ShowViewController.swift */,
				076C3AC11F3B17F400F7D808 /* Assets.xcassets */,
				076C3AC31F3B17F400F7D808 /* LaunchScreen.storyboard */,
				076C3AC61F3B17F400F7D808 /* Info.plist */,
			);
			path = TutorialView;
			sourceTree = "<group>";
		};
		076C3ACE1F3B17F400F7D808 /* TutorialViewTests */ = {
			isa = PBXGroup;
			children = (
				076C3ACF1F3B17F400F7D808 /* TutorialViewTests.swift */,
				076C3AD11F3B17F400F7D808 /* Info.plist */,
			);
			path = TutorialViewTests;
			sourceTree = "<group>";
		};
		076C3AD91F3B17F400F7D808 /* TutorialViewUITests */ = {
			isa = PBXGroup;
			children = (
				076C3ADA1F3B17F400F7D808 /* TutorialViewUITests.swift */,
				076C3ADC1F3B17F400F7D808 /* Info.plist */,
			);
			path = TutorialViewUITests;
			sourceTree = "<group>";
		};
		076C3AE81F3B188A00F7D808 /* Class */ = {
			isa = PBXGroup;
			children = (
				076C3AE91F3B188A00F7D808 /* TutorialModel.swift */,
				076C3AEA1F3B188A00F7D808 /* TutorialRectView.swift */,
				076C3AEB1F3B188A00F7D808 /* TutorialView.swift */,
			);
			path = Class;
			sourceTree = "<group>";
		};
		076C3AEC1F3B188A00F7D808 /* Resources */ = {
			isa = PBXGroup;
			children = (
				076C3AED1F3B188A00F7D808 /* LineDirection.bundle */,
			);
			path = Resources;
			sourceTree = "<group>";
		};
		076C3AF61F3B1A1200F7D808 /* Frameworks */ = {
			isa = PBXGroup;
			children = (
				076C3AF71F3B1A1200F7D808 /* SnapKit.framework */,
			);
			name = Frameworks;
			sourceTree = "<group>";
		};
/* End PBXGroup section */

/* Begin PBXNativeTarget section */
		076C3AB61F3B17F400F7D808 /* TutorialView */ = {
			isa = PBXNativeTarget;
			buildConfigurationList = 076C3ADF1F3B17F400F7D808 /* Build configuration list for PBXNativeTarget "TutorialView" */;
			buildPhases = (
				076C3AB31F3B17F400F7D808 /* Sources */,
				076C3AB41F3B17F400F7D808 /* Frameworks */,
				076C3AB51F3B17F400F7D808 /* Resources */,
				076C3AFB1F3B1A2100F7D808 /* Embed Frameworks */,
			);
			buildRules = (
			);
			dependencies = (
			);
			name = TutorialView;
			productName = TutorialView;
			productReference = 076C3AB71F3B17F400F7D808 /* TutorialView.app */;
			productType = "com.apple.product-type.application";
		};
		076C3ACA1F3B17F400F7D808 /* TutorialViewTests */ = {
			isa = PBXNativeTarget;
			buildConfigurationList = 076C3AE21F3B17F400F7D808 /* Build configuration list for PBXNativeTarget "TutorialViewTests" */;
			buildPhases = (
				076C3AC71F3B17F400F7D808 /* Sources */,
				076C3AC81F3B17F400F7D808 /* Frameworks */,
				076C3AC91F3B17F400F7D808 /* Resources */,
			);
			buildRules = (
			);
			dependencies = (
				076C3ACD1F3B17F400F7D808 /* PBXTargetDependency */,
			);
			name = TutorialViewTests;
			productName = TutorialViewTests;
			productReference = 076C3ACB1F3B17F400F7D808 /* TutorialViewTests.xctest */;
			productType = "com.apple.product-type.bundle.unit-test";
		};
		076C3AD51F3B17F400F7D808 /* TutorialViewUITests */ = {
			isa = PBXNativeTarget;
			buildConfigurationList = 076C3AE51F3B17F400F7D808 /* Build configuration list for PBXNativeTarget "TutorialViewUITests" */;
			buildPhases = (
				076C3AD21F3B17F400F7D808 /* Sources */,
				076C3AD31F3B17F400F7D808 /* Frameworks */,
				076C3AD41F3B17F400F7D808 /* Resources */,
			);
			buildRules = (
			);
			dependencies = (
				076C3AD81F3B17F400F7D808 /* PBXTargetDependency */,
			);
			name = TutorialViewUITests;
			productName = TutorialViewUITests;
			productReference = 076C3AD61F3B17F400F7D808 /* TutorialViewUITests.xctest */;
			productType = "com.apple.product-type.bundle.ui-testing";
		};
/* End PBXNativeTarget section */

/* Begin PBXProject section */
		076C3AAF1F3B17F400F7D808 /* Project object */ = {
			isa = PBXProject;
			attributes = {
				LastSwiftUpdateCheck = 0830;
				LastUpgradeCheck = 0830;
				ORGANIZATIONNAME = QooApp;
				TargetAttributes = {
					076C3AB61F3B17F400F7D808 = {
						CreatedOnToolsVersion = 8.3.2;
						ProvisioningStyle = Automatic;
					};
					076C3ACA1F3B17F400F7D808 = {
						CreatedOnToolsVersion = 8.3.2;
						ProvisioningStyle = Automatic;
						TestTargetID = 076C3AB61F3B17F400F7D808;
					};
					076C3AD51F3B17F400F7D808 = {
						CreatedOnToolsVersion = 8.3.2;
						ProvisioningStyle = Automatic;
						TestTargetID = 076C3AB61F3B17F400F7D808;
					};
				};
			};
			buildConfigurationList = 076C3AB21F3B17F400F7D808 /* Build configuration list for PBXProject "TutorialView" */;
			compatibilityVersion = "Xcode 3.2";
			developmentRegion = English;
			hasScannedForEncodings = 0;
			knownRegions = (
				en,
				Base,
			);
			mainGroup = 076C3AAE1F3B17F400F7D808;
			productRefGroup = 076C3AB81F3B17F400F7D808 /* Products */;
			projectDirPath = "";
			projectRoot = "";
			targets = (
				076C3AB61F3B17F400F7D808 /* TutorialView */,
				076C3ACA1F3B17F400F7D808 /* TutorialViewTests */,
				076C3AD51F3B17F400F7D808 /* TutorialViewUITests */,
			);
		};
/* End PBXProject section */

/* Begin PBXResourcesBuildPhase section */
		076C3AB51F3B17F400F7D808 /* Resources */ = {
			isa = PBXResourcesBuildPhase;
			buildActionMask = 2147483647;
			files = (
				076C3AC51F3B17F400F7D808 /* LaunchScreen.storyboard in Resources */,
				076C3AF11F3B188A00F7D808 /* LineDirection.bundle in Resources */,
				076C3AC21F3B17F400F7D808 /* Assets.xcassets in Resources */,
				076C3AC01F3B17F400F7D808 /* Main.storyboard in Resources */,
			);
			runOnlyForDeploymentPostprocessing = 0;
		};
		076C3AC91F3B17F400F7D808 /* Resources */ = {
			isa = PBXResourcesBuildPhase;
			buildActionMask = 2147483647;
			files = (
			);
			runOnlyForDeploymentPostprocessing = 0;
		};
		076C3AD41F3B17F400F7D808 /* Resources */ = {
			isa = PBXResourcesBuildPhase;
			buildActionMask = 2147483647;
			files = (
			);
			runOnlyForDeploymentPostprocessing = 0;
		};
/* End PBXResourcesBuildPhase section */

/* Begin PBXSourcesBuildPhase section */
		076C3AB31F3B17F400F7D808 /* Sources */ = {
			isa = PBXSourcesBuildPhase;
			buildActionMask = 2147483647;
			files = (
				076C3ABD1F3B17F400F7D808 /* ViewController.swift in Sources */,
				076C3AF51F3B189300F7D808 /* ShowViewController.swift in Sources */,
				076C3ABB1F3B17F400F7D808 /* AppDelegate.swift in Sources */,
				076C3AEF1F3B188A00F7D808 /* TutorialRectView.swift in Sources */,
				076C3AF01F3B188A00F7D808 /* TutorialView.swift in Sources */,
				076C3AEE1F3B188A00F7D808 /* TutorialModel.swift in Sources */,
				076C3AF41F3B189300F7D808 /* ShowRectViewController.swift in Sources */,
			);
			runOnlyForDeploymentPostprocessing = 0;
		};
		076C3AC71F3B17F400F7D808 /* Sources */ = {
			isa = PBXSourcesBuildPhase;
			buildActionMask = 2147483647;
			files = (
				076C3AD01F3B17F400F7D808 /* TutorialViewTests.swift in Sources */,
			);
			runOnlyForDeploymentPostprocessing = 0;
		};
		076C3AD21F3B17F400F7D808 /* Sources */ = {
			isa = PBXSourcesBuildPhase;
			buildActionMask = 2147483647;
			files = (
				076C3ADB1F3B17F400F7D808 /* TutorialViewUITests.swift in Sources */,
			);
			runOnlyForDeploymentPostprocessing = 0;
		};
/* End PBXSourcesBuildPhase section */

/* Begin PBXTargetDependency section */
		076C3ACD1F3B17F400F7D808 /* PBXTargetDependency */ = {
			isa = PBXTargetDependency;
			target = 076C3AB61F3B17F400F7D808 /* TutorialView */;
			targetProxy = 076C3ACC1F3B17F400F7D808 /* PBXContainerItemProxy */;
		};
		076C3AD81F3B17F400F7D808 /* PBXTargetDependency */ = {
			isa = PBXTargetDependency;
			target = 076C3AB61F3B17F400F7D808 /* TutorialView */;
			targetProxy = 076C3AD71F3B17F400F7D808 /* PBXContainerItemProxy */;
		};
/* End PBXTargetDependency section */

/* Begin PBXVariantGroup section */
		076C3ABE1F3B17F400F7D808 /* Main.storyboard */ = {
			isa = PBXVariantGroup;
			children = (
				076C3ABF1F3B17F400F7D808 /* Base */,
			);
			name = Main.storyboard;
			sourceTree = "<group>";
		};
		076C3AC31F3B17F400F7D808 /* LaunchScreen.storyboard */ = {
			isa = PBXVariantGroup;
			children = (
				076C3AC41F3B17F400F7D808 /* Base */,
			);
			name = LaunchScreen.storyboard;
			sourceTree = "<group>";
		};
/* End PBXVariantGroup section */

/* Begin XCBuildConfiguration section */
		076C3ADD1F3B17F400F7D808 /* Debug */ = {
			isa = XCBuildConfiguration;
			buildSettings = {
				ALWAYS_SEARCH_USER_PATHS = NO;
				CLANG_ANALYZER_NONNULL = YES;
				CLANG_ANALYZER_NUMBER_OBJECT_CONVERSION = YES_AGGRESSIVE;
				CLANG_CXX_LANGUAGE_STANDARD = "gnu++0x";
				CLANG_CXX_LIBRARY = "libc++";
				CLANG_ENABLE_MODULES = YES;
				CLANG_ENABLE_OBJC_ARC = YES;
				CLANG_WARN_BOOL_CONVERSION = YES;
				CLANG_WARN_CONSTANT_CONVERSION = YES;
				CLANG_WARN_DIRECT_OBJC_ISA_USAGE = YES_ERROR;
				CLANG_WARN_DOCUMENTATION_COMMENTS = YES;
				CLANG_WARN_EMPTY_BODY = YES;
				CLANG_WARN_ENUM_CONVERSION = YES;
				CLANG_WARN_INFINITE_RECURSION = YES;
				CLANG_WARN_INT_CONVERSION = YES;
				CLANG_WARN_OBJC_ROOT_CLASS = YES_ERROR;
				CLANG_WARN_SUSPICIOUS_MOVE = YES;
				CLANG_WARN_UNREACHABLE_CODE = YES;
				CLANG_WARN__DUPLICATE_METHOD_MATCH = YES;
				"CODE_SIGN_IDENTITY[sdk=iphoneos*]" = "iPhone Developer";
				COPY_PHASE_STRIP = NO;
				DEBUG_INFORMATION_FORMAT = dwarf;
				ENABLE_STRICT_OBJC_MSGSEND = YES;
				ENABLE_TESTABILITY = YES;
				GCC_C_LANGUAGE_STANDARD = gnu99;
				GCC_DYNAMIC_NO_PIC = NO;
				GCC_NO_COMMON_BLOCKS = YES;
				GCC_OPTIMIZATION_LEVEL = 0;
				GCC_PREPROCESSOR_DEFINITIONS = (
					"DEBUG=1",
					"$(inherited)",
				);
				GCC_WARN_64_TO_32_BIT_CONVERSION = YES;
				GCC_WARN_ABOUT_RETURN_TYPE = YES_ERROR;
				GCC_WARN_UNDECLARED_SELECTOR = YES;
				GCC_WARN_UNINITIALIZED_AUTOS = YES_AGGRESSIVE;
				GCC_WARN_UNUSED_FUNCTION = YES;
				GCC_WARN_UNUSED_VARIABLE = YES;
				IPHONEOS_DEPLOYMENT_TARGET = 9.0;
				MTL_ENABLE_DEBUG_INFO = YES;
				ONLY_ACTIVE_ARCH = YES;
				SDKROOT = iphoneos;
				SWIFT_ACTIVE_COMPILATION_CONDITIONS = DEBUG;
				SWIFT_OPTIMIZATION_LEVEL = "-Onone";
				TARGETED_DEVICE_FAMILY = "1,2";
			};
			name = Debug;
		};
		076C3ADE1F3B17F400F7D808 /* Release */ = {
			isa = XCBuildConfiguration;
			buildSettings = {
				ALWAYS_SEARCH_USER_PATHS = NO;
				CLANG_ANALYZER_NONNULL = YES;
				CLANG_ANALYZER_NUMBER_OBJECT_CONVERSION = YES_AGGRESSIVE;
				CLANG_CXX_LANGUAGE_STANDARD = "gnu++0x";
				CLANG_CXX_LIBRARY = "libc++";
				CLANG_ENABLE_MODULES = YES;
				CLANG_ENABLE_OBJC_ARC = YES;
				CLANG_WARN_BOOL_CONVERSION = YES;
				CLANG_WARN_CONSTANT_CONVERSION = YES;
				CLANG_WARN_DIRECT_OBJC_ISA_USAGE = YES_ERROR;
				CLANG_WARN_DOCUMENTATION_COMMENTS = YES;
				CLANG_WARN_EMPTY_BODY = YES;
				CLANG_WARN_ENUM_CONVERSION = YES;
				CLANG_WARN_INFINITE_RECURSION = YES;
				CLANG_WARN_INT_CONVERSION = YES;
				CLANG_WARN_OBJC_ROOT_CLASS = YES_ERROR;
				CLANG_WARN_SUSPICIOUS_MOVE = YES;
				CLANG_WARN_UNREACHABLE_CODE = YES;
				CLANG_WARN__DUPLICATE_METHOD_MATCH = YES;
				"CODE_SIGN_IDENTITY[sdk=iphoneos*]" = "iPhone Developer";
				COPY_PHASE_STRIP = NO;
				DEBUG_INFORMATION_FORMAT = "dwarf-with-dsym";
				ENABLE_NS_ASSERTIONS = NO;
				ENABLE_STRICT_OBJC_MSGSEND = YES;
				GCC_C_LANGUAGE_STANDARD = gnu99;
				GCC_NO_COMMON_BLOCKS = YES;
				GCC_WARN_64_TO_32_BIT_CONVERSION = YES;
				GCC_WARN_ABOUT_RETURN_TYPE = YES_ERROR;
				GCC_WARN_UNDECLARED_SELECTOR = YES;
				GCC_WARN_UNINITIALIZED_AUTOS = YES_AGGRESSIVE;
				GCC_WARN_UNUSED_FUNCTION = YES;
				GCC_WARN_UNUSED_VARIABLE = YES;
				IPHONEOS_DEPLOYMENT_TARGET = 9.0;
				MTL_ENABLE_DEBUG_INFO = NO;
				SDKROOT = iphoneos;
				SWIFT_OPTIMIZATION_LEVEL = "-Owholemodule";
				TARGETED_DEVICE_FAMILY = "1,2";
				VALIDATE_PRODUCT = YES;
			};
			name = Release;
		};
		076C3AE01F3B17F400F7D808 /* Debug */ = {
			isa = XCBuildConfiguration;
			buildSettings = {
				ASSETCATALOG_COMPILER_APPICON_NAME = AppIcon;
				FRAMEWORK_SEARCH_PATHS = (
					"$(inherited)",
					"$(PROJECT_DIR)/Carthage/Build/iOS",
				);
				INFOPLIST_FILE = TutorialView/Info.plist;
				LD_RUNPATH_SEARCH_PATHS = "$(inherited) @executable_path/Frameworks";
				PRODUCT_BUNDLE_IDENTIFIER = com.zy.TutorialView;
				PRODUCT_NAME = "$(TARGET_NAME)";
				SWIFT_VERSION = 3.0;
			};
			name = Debug;
		};
		076C3AE11F3B17F400F7D808 /* Release */ = {
			isa = XCBuildConfiguration;
			buildSettings = {
				ASSETCATALOG_COMPILER_APPICON_NAME = AppIcon;
				FRAMEWORK_SEARCH_PATHS = (
					"$(inherited)",
					"$(PROJECT_DIR)/Carthage/Build/iOS",
				);
				INFOPLIST_FILE = TutorialView/Info.plist;
				LD_RUNPATH_SEARCH_PATHS = "$(inherited) @executable_path/Frameworks";
				PRODUCT_BUNDLE_IDENTIFIER = com.zy.TutorialView;
				PRODUCT_NAME = "$(TARGET_NAME)";
				SWIFT_VERSION = 3.0;
			};
			name = Release;
		};
		076C3AE31F3B17F400F7D808 /* Debug */ = {
			isa = XCBuildConfiguration;
			buildSettings = {
				ALWAYS_EMBED_SWIFT_STANDARD_LIBRARIES = YES;
				BUNDLE_LOADER = "$(TEST_HOST)";
				INFOPLIST_FILE = TutorialViewTests/Info.plist;
				LD_RUNPATH_SEARCH_PATHS = "$(inherited) @executable_path/Frameworks @loader_path/Frameworks";
				PRODUCT_BUNDLE_IDENTIFIER = com.zy.TutorialViewTests;
				PRODUCT_NAME = "$(TARGET_NAME)";
				SWIFT_VERSION = 3.0;
				TEST_HOST = "$(BUILT_PRODUCTS_DIR)/TutorialView.app/TutorialView";
			};
			name = Debug;
		};
		076C3AE41F3B17F400F7D808 /* Release */ = {
			isa = XCBuildConfiguration;
			buildSettings = {
				ALWAYS_EMBED_SWIFT_STANDARD_LIBRARIES = YES;
				BUNDLE_LOADER = "$(TEST_HOST)";
				INFOPLIST_FILE = TutorialViewTests/Info.plist;
				LD_RUNPATH_SEARCH_PATHS = "$(inherited) @executable_path/Frameworks @loader_path/Frameworks";
				PRODUCT_BUNDLE_IDENTIFIER = com.zy.TutorialViewTests;
				PRODUCT_NAME = "$(TARGET_NAME)";
				SWIFT_VERSION = 3.0;
				TEST_HOST = "$(BUILT_PRODUCTS_DIR)/TutorialView.app/TutorialView";
			};
			name = Release;
		};
		076C3AE61F3B17F400F7D808 /* Debug */ = {
			isa = XCBuildConfiguration;
			buildSettings = {
				ALWAYS_EMBED_SWIFT_STANDARD_LIBRARIES = YES;
				INFOPLIST_FILE = TutorialViewUITests/Info.plist;
				LD_RUNPATH_SEARCH_PATHS = "$(inherited) @executable_path/Frameworks @loader_path/Frameworks";
				PRODUCT_BUNDLE_IDENTIFIER = com.zy.TutorialViewUITests;
				PRODUCT_NAME = "$(TARGET_NAME)";
				SWIFT_VERSION = 3.0;
				TEST_TARGET_NAME = TutorialView;
			};
			name = Debug;
		};
		076C3AE71F3B17F400F7D808 /* Release */ = {
			isa = XCBuildConfiguration;
			buildSettings = {
				ALWAYS_EMBED_SWIFT_STANDARD_LIBRARIES = YES;
				INFOPLIST_FILE = TutorialViewUITests/Info.plist;
				LD_RUNPATH_SEARCH_PATHS = "$(inherited) @executable_path/Frameworks @loader_path/Frameworks";
				PRODUCT_BUNDLE_IDENTIFIER = com.zy.TutorialViewUITests;
				PRODUCT_NAME = "$(TARGET_NAME)";
				SWIFT_VERSION = 3.0;
				TEST_TARGET_NAME = TutorialView;
			};
			name = Release;
		};
/* End XCBuildConfiguration section */

/* Begin XCConfigurationList section */
		076C3AB21F3B17F400F7D808 /* Build configuration list for PBXProject "TutorialView" */ = {
			isa = XCConfigurationList;
			buildConfigurations = (
				076C3ADD1F3B17F400F7D808 /* Debug */,
				076C3ADE1F3B17F400F7D808 /* Release */,
			);
			defaultConfigurationIsVisible = 0;
			defaultConfigurationName = Release;
		};
		076C3ADF1F3B17F400F7D808 /* Build configuration list for PBXNativeTarget "TutorialView" */ = {
			isa = XCConfigurationList;
			buildConfigurations = (
				076C3AE01F3B17F400F7D808 /* Debug */,
				076C3AE11F3B17F400F7D808 /* Release */,
			);
			defaultConfigurationIsVisible = 0;
			defaultConfigurationName = Release;
		};
		076C3AE21F3B17F400F7D808 /* Build configuration list for PBXNativeTarget "TutorialViewTests" */ = {
			isa = XCConfigurationList;
			buildConfigurations = (
				076C3AE31F3B17F400F7D808 /* Debug */,
				076C3AE41F3B17F400F7D808 /* Release */,
			);
			defaultConfigurationIsVisible = 0;
			defaultConfigurationName = Release;
		};
		076C3AE51F3B17F400F7D808 /* Build configuration list for PBXNativeTarget "TutorialViewUITests" */ = {
			isa = XCConfigurationList;
			buildConfigurations = (
				076C3AE61F3B17F400F7D808 /* Debug */,
				076C3AE71F3B17F400F7D808 /* Release */,
			);
			defaultConfigurationIsVisible = 0;
			defaultConfigurationName = Release;
		};
/* End XCConfigurationList section */
	};
	rootObject = 076C3AAF1F3B17F400F7D808 /* Project object */;
}
